
Microsoft Visual Studio Solution File, Format Version 12.00
# Visual Studio Version 16
VisualStudioVersion = 16.0.31702.278
MinimumVisualStudioVersion = 10.0.40219.1
Project("{FAE04EC0-301F-11D3-BF4B-00C04F79EFBC}") = "TestProject", "TestProject.csproj", "{83F6BAD8-BC2B-4A02-A7CC-58EF2D1D366A}"
EndProject
Global
	GlobalSection(SolutionConfigurationPlatforms) = preSolution
		Debug|Any CPU = Debug|Any CPU
		Release|Any CPU = Release|Any CPU
	EndGlobalSection
	GlobalSection(ProjectConfigurationPlatforms) = postSolution
		{83F6BAD8-BC2B-4A02-A7CC-58EF2D1D366A}.Debug|Any CPU.ActiveCfg = Debug|Any CPU
		{83F6BAD8-BC2B-4A02-A7CC-58EF2D1D366A}.Debug|Any CPU.Build.0 = Debug|Any CPU
		{83F6BAD8-BC2B-4A02-A7CC-58EF2D1D366A}.Release|Any CPU.ActiveCfg = Release|Any CPU
		{83F6BAD8-BC2B-4A02-A7CC-58EF2D1D366A}.Release|Any CPU.Build.0 = Release|Any CPU
	EndGlobalSection
	GlobalSection(SolutionProperties) = preSolution
		HideSolutionNode = FALSE
	EndGlobalSection
	GlobalSection(ExtensibilityGlobals) = postSolution
		SolutionGuid = {A4A23375-B824-4A62-ABE4-7CFF6A02DAE6}
	EndGlobalSection
EndGlobal
